
Microsoft Visual Studio Solution File, Format Version 12.00
Project("{FAE04EC0-301F-11D3-BF4B-00C04F79EFBC}") = "CSAdvancedProgramming19-Attreibutes", "CSAdvancedProgramming19-Attreibutes\CSAdvancedProgramming19-Attreibutes.csproj", "{700F057E-4420-4F9C-9599-9CFA2A7CB2A7}"
EndProject
Global
	GlobalSection(SolutionConfigurationPlatforms) = preSolution
		Debug|Any CPU = Debug|Any CPU
		Release|Any CPU = Release|Any CPU
	EndGlobalSection
	GlobalSection(ProjectConfigurationPlatforms) = postSolution
		{700F057E-4420-4F9C-9599-9CFA2A7CB2A7}.Debug|Any CPU.ActiveCfg = Debug|Any CPU
		{700F057E-4420-4F9C-9599-9CFA2A7CB2A7}.Debug|Any CPU.Build.0 = Debug|Any CPU
		{700F057E-4420-4F9C-9599-9CFA2A7CB2A7}.Release|Any CPU.ActiveCfg = Release|Any CPU
		{700F057E-4420-4F9C-9599-9CFA2A7CB2A7}.Release|Any CPU.Build.0 = Release|Any CPU
	EndGlobalSection
EndGlobal
